// !$*UTF8*$!
{
	archiveVersion = 1;
	classes = {
	};
	objectVersion = 46;
	objects = {

/* Begin PBXBuildFile section */
		25EBC62CB7CDABEBC6F0D336 /* Pods_BDMI.framework in Frameworks */ = {isa = PBXBuildFile; fileRef = F2FAB298E6887C8197C49406 /* Pods_BDMI.framework */; };
		4D6C51CD1CFB66B3005101C6 /* Utilities.swift in Sources */ = {isa = PBXBuildFile; fileRef = 4D6C51CC1CFB66B3005101C6 /* Utilities.swift */; };
		4D6C51D11CFB671C005101C6 /* TMDBAuthViewController.swift in Sources */ = {isa = PBXBuildFile; fileRef = 4D6C51D01CFB671C005101C6 /* TMDBAuthViewController.swift */; };
		4D6C51D31CFB6754005101C6 /* TMDBClient.swift in Sources */ = {isa = PBXBuildFile; fileRef = 4D6C51D21CFB6754005101C6 /* TMDBClient.swift */; };
		4D6C51D51CFB67A1005101C6 /* TMDBConstants.swift in Sources */ = {isa = PBXBuildFile; fileRef = 4D6C51D41CFB67A1005101C6 /* TMDBConstants.swift */; };
		4D6C51D71CFB6918005101C6 /* TMDBConfig.swift in Sources */ = {isa = PBXBuildFile; fileRef = 4D6C51D61CFB6918005101C6 /* TMDBConfig.swift */; };
		4D6C51D91CFB69C5005101C6 /* TMDBMovie.swift in Sources */ = {isa = PBXBuildFile; fileRef = 4D6C51D81CFB69C5005101C6 /* TMDBMovie.swift */; };
		4D6C51DB1CFB6A38005101C6 /* TMDBConvenience.swift in Sources */ = {isa = PBXBuildFile; fileRef = 4D6C51DA1CFB6A38005101C6 /* TMDBConvenience.swift */; };
		4D6C51DF1CFB6BAB005101C6 /* BorderedButton.swift in Sources */ = {isa = PBXBuildFile; fileRef = 4D6C51DE1CFB6BAB005101C6 /* BorderedButton.swift */; };
		4D6C51E11CFB77C4005101C6 /* BDMIMovieViewController.swift in Sources */ = {isa = PBXBuildFile; fileRef = 4D6C51E01CFB77C4005101C6 /* BDMIMovieViewController.swift */; };
		4D6C51E31CFB8E6F005101C6 /* MovieTableViewCell.swift in Sources */ = {isa = PBXBuildFile; fileRef = 4D6C51E21CFB8E6F005101C6 /* MovieTableViewCell.swift */; };
		4D6C51E51CFB9E92005101C6 /* MovieCollectionViewCell.swift in Sources */ = {isa = PBXBuildFile; fileRef = 4D6C51E41CFB9E92005101C6 /* MovieCollectionViewCell.swift */; };
		4D6C51E71CFBBA23005101C6 /* MovieDetailViewController.swift in Sources */ = {isa = PBXBuildFile; fileRef = 4D6C51E61CFBBA23005101C6 /* MovieDetailViewController.swift */; };
		4D6C51E91CFBFA4C005101C6 /* BDMIMovieCollectionsViewController.swift in Sources */ = {isa = PBXBuildFile; fileRef = 4D6C51E81CFBFA4C005101C6 /* BDMIMovieCollectionsViewController.swift */; };
		4D6C51ED1CFBFB46005101C6 /* BDMIMovieCollectionsTableViewCell.swift in Sources */ = {isa = PBXBuildFile; fileRef = 4D6C51EC1CFBFB46005101C6 /* BDMIMovieCollectionsTableViewCell.swift */; };
		4D6C51EF1CFC01BF005101C6 /* TMDBCollection.swift in Sources */ = {isa = PBXBuildFile; fileRef = 4D6C51EE1CFC01BF005101C6 /* TMDBCollection.swift */; };
		4D6C51F21CFC1498005101C6 /* Model.xcdatamodeld in Sources */ = {isa = PBXBuildFile; fileRef = 4D6C51F01CFC1498005101C6 /* Model.xcdatamodeld */; };
		4D6C51F51CFC14E6005101C6 /* CoreDataTableViewController.swift in Sources */ = {isa = PBXBuildFile; fileRef = 4D6C51F41CFC14E6005101C6 /* CoreDataTableViewController.swift */; };
		4D6C51F71CFC1515005101C6 /* CoreDataStack.swift in Sources */ = {isa = PBXBuildFile; fileRef = 4D6C51F61CFC1515005101C6 /* CoreDataStack.swift */; };
		4D6C52001CFC1C19005101C6 /* WatchedMovie+CoreDataProperties.swift in Sources */ = {isa = PBXBuildFile; fileRef = 4D6C51F81CFC1C19005101C6 /* WatchedMovie+CoreDataProperties.swift */; };
		4D6C52011CFC1C19005101C6 /* WatchedMovie.swift in Sources */ = {isa = PBXBuildFile; fileRef = 4D6C51F91CFC1C19005101C6 /* WatchedMovie.swift */; };
		4D6C52021CFC1C19005101C6 /* Movie+CoreDataProperties.swift in Sources */ = {isa = PBXBuildFile; fileRef = 4D6C51FA1CFC1C19005101C6 /* Movie+CoreDataProperties.swift */; };
		4D6C52031CFC1C19005101C6 /* Movie.swift in Sources */ = {isa = PBXBuildFile; fileRef = 4D6C51FB1CFC1C19005101C6 /* Movie.swift */; };
		4D6C52041CFC1C19005101C6 /* FavoriteMovie+CoreDataProperties.swift in Sources */ = {isa = PBXBuildFile; fileRef = 4D6C51FC1CFC1C19005101C6 /* FavoriteMovie+CoreDataProperties.swift */; };
		4D6C52051CFC1C19005101C6 /* FavoriteMovie.swift in Sources */ = {isa = PBXBuildFile; fileRef = 4D6C51FD1CFC1C19005101C6 /* FavoriteMovie.swift */; };
		4D6C52061CFC1C19005101C6 /* Collection+CoreDataProperties.swift in Sources */ = {isa = PBXBuildFile; fileRef = 4D6C51FE1CFC1C19005101C6 /* Collection+CoreDataProperties.swift */; };
		4D6C52071CFC1C19005101C6 /* Collection.swift in Sources */ = {isa = PBXBuildFile; fileRef = 4D6C51FF1CFC1C19005101C6 /* Collection.swift */; };
		4D6C52091CFC1E8A005101C6 /* CoreDataConstants.swift in Sources */ = {isa = PBXBuildFile; fileRef = 4D6C52081CFC1E8A005101C6 /* CoreDataConstants.swift */; };
		4D6C52131CFCF37C005101C6 /* MovieDetailCellForHeaderSection.swift in Sources */ = {isa = PBXBuildFile; fileRef = 4D6C52121CFCF37C005101C6 /* MovieDetailCellForHeaderSection.swift */; };
		4DFEE1831CFAAC4B0032D90F /* AppDelegate.swift in Sources */ = {isa = PBXBuildFile; fileRef = 4DFEE1821CFAAC4B0032D90F /* AppDelegate.swift */; };
		4DFEE1851CFAAC4B0032D90F /* LoginViewController.swift in Sources */ = {isa = PBXBuildFile; fileRef = 4DFEE1841CFAAC4B0032D90F /* LoginViewController.swift */; };
		4DFEE1881CFAAC4B0032D90F /* Main.storyboard in Resources */ = {isa = PBXBuildFile; fileRef = 4DFEE1861CFAAC4B0032D90F /* Main.storyboard */; };
		4DFEE18A1CFAAC4B0032D90F /* Assets.xcassets in Resources */ = {isa = PBXBuildFile; fileRef = 4DFEE1891CFAAC4B0032D90F /* Assets.xcassets */; };
		4DFEE18D1CFAAC4B0032D90F /* LaunchScreen.storyboard in Resources */ = {isa = PBXBuildFile; fileRef = 4DFEE18B1CFAAC4B0032D90F /* LaunchScreen.storyboard */; };
/* End PBXBuildFile section */

/* Begin PBXFileReference section */
		025661DDF217F77A691F777F /* Pods-BDMI.debug.xcconfig */ = {isa = PBXFileReference; includeInIndex = 1; lastKnownFileType = text.xcconfig; name = "Pods-BDMI.debug.xcconfig"; path = "Pods/Target Support Files/Pods-BDMI/Pods-BDMI.debug.xcconfig"; sourceTree = "<group>"; };
		4D6C51CC1CFB66B3005101C6 /* Utilities.swift */ = {isa = PBXFileReference; fileEncoding = 4; lastKnownFileType = sourcecode.swift; path = Utilities.swift; sourceTree = "<group>"; };
		4D6C51D01CFB671C005101C6 /* TMDBAuthViewController.swift */ = {isa = PBXFileReference; fileEncoding = 4; lastKnownFileType = sourcecode.swift; path = TMDBAuthViewController.swift; sourceTree = "<group>"; };
		4D6C51D21CFB6754005101C6 /* TMDBClient.swift */ = {isa = PBXFileReference; fileEncoding = 4; lastKnownFileType = sourcecode.swift; path = TMDBClient.swift; sourceTree = "<group>"; };
		4D6C51D41CFB67A1005101C6 /* TMDBConstants.swift */ = {isa = PBXFileReference; fileEncoding = 4; lastKnownFileType = sourcecode.swift; path = TMDBConstants.swift; sourceTree = "<group>"; };
		4D6C51D61CFB6918005101C6 /* TMDBConfig.swift */ = {isa = PBXFileReference; fileEncoding = 4; lastKnownFileType = sourcecode.swift; path = TMDBConfig.swift; sourceTree = "<group>"; };
		4D6C51D81CFB69C5005101C6 /* TMDBMovie.swift */ = {isa = PBXFileReference; fileEncoding = 4; lastKnownFileType = sourcecode.swift; path = TMDBMovie.swift; sourceTree = "<group>"; };
		4D6C51DA1CFB6A38005101C6 /* TMDBConvenience.swift */ = {isa = PBXFileReference; fileEncoding = 4; lastKnownFileType = sourcecode.swift; path = TMDBConvenience.swift; sourceTree = "<group>"; };
		4D6C51DE1CFB6BAB005101C6 /* BorderedButton.swift */ = {isa = PBXFileReference; fileEncoding = 4; lastKnownFileType = sourcecode.swift; path = BorderedButton.swift; sourceTree = "<group>"; };
		4D6C51E01CFB77C4005101C6 /* BDMIMovieViewController.swift */ = {isa = PBXFileReference; fileEncoding = 4; lastKnownFileType = sourcecode.swift; path = BDMIMovieViewController.swift; sourceTree = "<group>"; };
		4D6C51E21CFB8E6F005101C6 /* MovieTableViewCell.swift */ = {isa = PBXFileReference; fileEncoding = 4; lastKnownFileType = sourcecode.swift; path = MovieTableViewCell.swift; sourceTree = "<group>"; };
		4D6C51E41CFB9E92005101C6 /* MovieCollectionViewCell.swift */ = {isa = PBXFileReference; fileEncoding = 4; lastKnownFileType = sourcecode.swift; path = MovieCollectionViewCell.swift; sourceTree = "<group>"; };
		4D6C51E61CFBBA23005101C6 /* MovieDetailViewController.swift */ = {isa = PBXFileReference; fileEncoding = 4; lastKnownFileType = sourcecode.swift; path = MovieDetailViewController.swift; sourceTree = "<group>"; };
		4D6C51E81CFBFA4C005101C6 /* BDMIMovieCollectionsViewController.swift */ = {isa = PBXFileReference; fileEncoding = 4; lastKnownFileType = sourcecode.swift; path = BDMIMovieCollectionsViewController.swift; sourceTree = "<group>"; };
		4D6C51EC1CFBFB46005101C6 /* BDMIMovieCollectionsTableViewCell.swift */ = {isa = PBXFileReference; fileEncoding = 4; lastKnownFileType = sourcecode.swift; path = BDMIMovieCollectionsTableViewCell.swift; sourceTree = "<group>"; };
		4D6C51EE1CFC01BF005101C6 /* TMDBCollection.swift */ = {isa = PBXFileReference; fileEncoding = 4; lastKnownFileType = sourcecode.swift; path = TMDBCollection.swift; sourceTree = "<group>"; };
		4D6C51F11CFC1498005101C6 /* Model.xcdatamodel */ = {isa = PBXFileReference; lastKnownFileType = wrapper.xcdatamodel; path = Model.xcdatamodel; sourceTree = "<group>"; };
		4D6C51F41CFC14E6005101C6 /* CoreDataTableViewController.swift */ = {isa = PBXFileReference; fileEncoding = 4; lastKnownFileType = sourcecode.swift; path = CoreDataTableViewController.swift; sourceTree = "<group>"; };
		4D6C51F61CFC1515005101C6 /* CoreDataStack.swift */ = {isa = PBXFileReference; fileEncoding = 4; lastKnownFileType = sourcecode.swift; path = CoreDataStack.swift; sourceTree = "<group>"; };
		4D6C51F81CFC1C19005101C6 /* WatchedMovie+CoreDataProperties.swift */ = {isa = PBXFileReference; fileEncoding = 4; lastKnownFileType = sourcecode.swift; path = "WatchedMovie+CoreDataProperties.swift"; sourceTree = "<group>"; };
		4D6C51F91CFC1C19005101C6 /* WatchedMovie.swift */ = {isa = PBXFileReference; fileEncoding = 4; lastKnownFileType = sourcecode.swift; path = WatchedMovie.swift; sourceTree = "<group>"; };
		4D6C51FA1CFC1C19005101C6 /* Movie+CoreDataProperties.swift */ = {isa = PBXFileReference; fileEncoding = 4; lastKnownFileType = sourcecode.swift; path = "Movie+CoreDataProperties.swift"; sourceTree = "<group>"; };
		4D6C51FB1CFC1C19005101C6 /* Movie.swift */ = {isa = PBXFileReference; fileEncoding = 4; lastKnownFileType = sourcecode.swift; path = Movie.swift; sourceTree = "<group>"; };
		4D6C51FC1CFC1C19005101C6 /* FavoriteMovie+CoreDataProperties.swift */ = {isa = PBXFileReference; fileEncoding = 4; lastKnownFileType = sourcecode.swift; path = "FavoriteMovie+CoreDataProperties.swift"; sourceTree = "<group>"; };
		4D6C51FD1CFC1C19005101C6 /* FavoriteMovie.swift */ = {isa = PBXFileReference; fileEncoding = 4; lastKnownFileType = sourcecode.swift; path = FavoriteMovie.swift; sourceTree = "<group>"; };
		4D6C51FE1CFC1C19005101C6 /* Collection+CoreDataProperties.swift */ = {isa = PBXFileReference; fileEncoding = 4; lastKnownFileType = sourcecode.swift; path = "Collection+CoreDataProperties.swift"; sourceTree = "<group>"; };
		4D6C51FF1CFC1C19005101C6 /* Collection.swift */ = {isa = PBXFileReference; fileEncoding = 4; lastKnownFileType = sourcecode.swift; path = Collection.swift; sourceTree = "<group>"; };
		4D6C52081CFC1E8A005101C6 /* CoreDataConstants.swift */ = {isa = PBXFileReference; fileEncoding = 4; lastKnownFileType = sourcecode.swift; path = CoreDataConstants.swift; sourceTree = "<group>"; };
		4D6C520A1CFCC698005101C6 /* BDMI-Bridging-Header.h */ = {isa = PBXFileReference; lastKnownFileType = sourcecode.c.h; path = "BDMI-Bridging-Header.h"; sourceTree = "<group>"; };
		4D6C52121CFCF37C005101C6 /* MovieDetailCellForHeaderSection.swift */ = {isa = PBXFileReference; fileEncoding = 4; lastKnownFileType = sourcecode.swift; path = MovieDetailCellForHeaderSection.swift; sourceTree = "<group>"; };
		4DFEE17F1CFAAC4B0032D90F /* BDMI.app */ = {isa = PBXFileReference; explicitFileType = wrapper.application; includeInIndex = 0; path = BDMI.app; sourceTree = BUILT_PRODUCTS_DIR; };
		4DFEE1821CFAAC4B0032D90F /* AppDelegate.swift */ = {isa = PBXFileReference; lastKnownFileType = sourcecode.swift; path = AppDelegate.swift; sourceTree = "<group>"; };
		4DFEE1841CFAAC4B0032D90F /* LoginViewController.swift */ = {isa = PBXFileReference; lastKnownFileType = sourcecode.swift; path = LoginViewController.swift; sourceTree = "<group>"; };
		4DFEE1871CFAAC4B0032D90F /* Base */ = {isa = PBXFileReference; lastKnownFileType = file.storyboard; name = Base; path = Base.lproj/Main.storyboard; sourceTree = "<group>"; };
		4DFEE1891CFAAC4B0032D90F /* Assets.xcassets */ = {isa = PBXFileReference; lastKnownFileType = folder.assetcatalog; path = Assets.xcassets; sourceTree = "<group>"; };
		4DFEE18C1CFAAC4B0032D90F /* Base */ = {isa = PBXFileReference; lastKnownFileType = file.storyboard; name = Base; path = Base.lproj/LaunchScreen.storyboard; sourceTree = "<group>"; };
		4DFEE18E1CFAAC4B0032D90F /* Info.plist */ = {isa = PBXFileReference; lastKnownFileType = text.plist.xml; path = Info.plist; sourceTree = "<group>"; };
		9451C2D2C9B47F3D9EE642E7 /* Pods-BDMI.release.xcconfig */ = {isa = PBXFileReference; includeInIndex = 1; lastKnownFileType = text.xcconfig; name = "Pods-BDMI.release.xcconfig"; path = "Pods/Target Support Files/Pods-BDMI/Pods-BDMI.release.xcconfig"; sourceTree = "<group>"; };
		F2FAB298E6887C8197C49406 /* Pods_BDMI.framework */ = {isa = PBXFileReference; explicitFileType = wrapper.framework; includeInIndex = 0; path = Pods_BDMI.framework; sourceTree = BUILT_PRODUCTS_DIR; };
/* End PBXFileReference section */

/* Begin PBXFrameworksBuildPhase section */
		4DFEE17C1CFAAC4B0032D90F /* Frameworks */ = {
			isa = PBXFrameworksBuildPhase;
			buildActionMask = 2147483647;
			files = (
				25EBC62CB7CDABEBC6F0D336 /* Pods_BDMI.framework in Frameworks */,
			);
			runOnlyForDeploymentPostprocessing = 0;
		};
/* End PBXFrameworksBuildPhase section */

/* Begin PBXGroup section */
		069C46D205609803C0F892A1 /* Pods */ = {
			isa = PBXGroup;
			children = (
				025661DDF217F77A691F777F /* Pods-BDMI.debug.xcconfig */,
				9451C2D2C9B47F3D9EE642E7 /* Pods-BDMI.release.xcconfig */,
			);
			name = Pods;
			sourceTree = "<group>";
		};
		4D6C51CE1CFB66F5005101C6 /* Model */ = {
			isa = PBXGroup;
			children = (
				4D6C51F31CFC14A6005101C6 /* CoreData */,
				4D6C51CF1CFB66FB005101C6 /* TMDB */,
			);
			name = Model;
			sourceTree = "<group>";
		};
		4D6C51CF1CFB66FB005101C6 /* TMDB */ = {
			isa = PBXGroup;
			children = (
				4D6C51D01CFB671C005101C6 /* TMDBAuthViewController.swift */,
				4D6C51D21CFB6754005101C6 /* TMDBClient.swift */,
				4D6C51D41CFB67A1005101C6 /* TMDBConstants.swift */,
				4D6C51D61CFB6918005101C6 /* TMDBConfig.swift */,
				4D6C51D81CFB69C5005101C6 /* TMDBMovie.swift */,
				4D6C51DA1CFB6A38005101C6 /* TMDBConvenience.swift */,
				4D6C51EE1CFC01BF005101C6 /* TMDBCollection.swift */,
			);
			name = TMDB;
			sourceTree = "<group>";
		};
		4D6C51DC1CFB6B8B005101C6 /* View */ = {
			isa = PBXGroup;
			children = (
				4D6C51DE1CFB6BAB005101C6 /* BorderedButton.swift */,
				4D6C51E21CFB8E6F005101C6 /* MovieTableViewCell.swift */,
				4D6C51E41CFB9E92005101C6 /* MovieCollectionViewCell.swift */,
				4D6C51EC1CFBFB46005101C6 /* BDMIMovieCollectionsTableViewCell.swift */,
				4D6C52121CFCF37C005101C6 /* MovieDetailCellForHeaderSection.swift */,
			);
			name = View;
			sourceTree = "<group>";
		};
		4D6C51DD1CFB6B90005101C6 /* Controller */ = {
			isa = PBXGroup;
			children = (
				4DFEE1841CFAAC4B0032D90F /* LoginViewController.swift */,
				4D6C51E01CFB77C4005101C6 /* BDMIMovieViewController.swift */,
				4D6C51E61CFBBA23005101C6 /* MovieDetailViewController.swift */,
				4D6C51E81CFBFA4C005101C6 /* BDMIMovieCollectionsViewController.swift */,
				4D6C51F41CFC14E6005101C6 /* CoreDataTableViewController.swift */,
			);
			name = Controller;
			sourceTree = "<group>";
		};
		4D6C51F31CFC14A6005101C6 /* CoreData */ = {
			isa = PBXGroup;
			children = (
				4D6C51F81CFC1C19005101C6 /* WatchedMovie+CoreDataProperties.swift */,
				4D6C51F91CFC1C19005101C6 /* WatchedMovie.swift */,
				4D6C51FA1CFC1C19005101C6 /* Movie+CoreDataProperties.swift */,
				4D6C51FB1CFC1C19005101C6 /* Movie.swift */,
				4D6C51FC1CFC1C19005101C6 /* FavoriteMovie+CoreDataProperties.swift */,
				4D6C51FD1CFC1C19005101C6 /* FavoriteMovie.swift */,
				4D6C51FE1CFC1C19005101C6 /* Collection+CoreDataProperties.swift */,
				4D6C51FF1CFC1C19005101C6 /* Collection.swift */,
				4D6C51F61CFC1515005101C6 /* CoreDataStack.swift */,
				4D6C52081CFC1E8A005101C6 /* CoreDataConstants.swift */,
			);
			name = CoreData;
			sourceTree = "<group>";
		};
		4DFEE1761CFAAC4B0032D90F = {
			isa = PBXGroup;
			children = (
				4DFEE1811CFAAC4B0032D90F /* BDMI */,
				4DFEE1801CFAAC4B0032D90F /* Products */,
				069C46D205609803C0F892A1 /* Pods */,
				645163521804D82E036DD1E4 /* Frameworks */,
			);
			sourceTree = "<group>";
		};
		4DFEE1801CFAAC4B0032D90F /* Products */ = {
			isa = PBXGroup;
			children = (
				4DFEE17F1CFAAC4B0032D90F /* BDMI.app */,
			);
			name = Products;
			sourceTree = "<group>";
		};
		4DFEE1811CFAAC4B0032D90F /* BDMI */ = {
			isa = PBXGroup;
			children = (
				4D6C51DD1CFB6B90005101C6 /* Controller */,
				4D6C51DC1CFB6B8B005101C6 /* View */,
				4D6C51CE1CFB66F5005101C6 /* Model */,
				4DFEE1821CFAAC4B0032D90F /* AppDelegate.swift */,
				4D6C51F01CFC1498005101C6 /* Model.xcdatamodeld */,
				4DFEE1861CFAAC4B0032D90F /* Main.storyboard */,
				4DFEE1891CFAAC4B0032D90F /* Assets.xcassets */,
				4DFEE18B1CFAAC4B0032D90F /* LaunchScreen.storyboard */,
				4DFEE18E1CFAAC4B0032D90F /* Info.plist */,
				4D6C51CC1CFB66B3005101C6 /* Utilities.swift */,
				4D6C520A1CFCC698005101C6 /* BDMI-Bridging-Header.h */,
			);
			path = BDMI;
			sourceTree = "<group>";
		};
		645163521804D82E036DD1E4 /* Frameworks */ = {
			isa = PBXGroup;
			children = (
				F2FAB298E6887C8197C49406 /* Pods_BDMI.framework */,
			);
			name = Frameworks;
			sourceTree = "<group>";
		};
/* End PBXGroup section */

/* Begin PBXNativeTarget section */
		4DFEE17E1CFAAC4B0032D90F /* BDMI */ = {
			isa = PBXNativeTarget;
			buildConfigurationList = 4DFEE1911CFAAC4B0032D90F /* Build configuration list for PBXNativeTarget "BDMI" */;
			buildPhases = (
				ED0847B454A2498D592AA1DD /* Check Pods Manifest.lock */,
				4DFEE17B1CFAAC4B0032D90F /* Sources */,
				4DFEE17C1CFAAC4B0032D90F /* Frameworks */,
				4DFEE17D1CFAAC4B0032D90F /* Resources */,
				416A6E3495C33822804AAD4D /* Embed Pods Frameworks */,
				DF87932584CD11DEC56B6748 /* Copy Pods Resources */,
			);
			buildRules = (
			);
			dependencies = (
			);
			name = BDMI;
			productName = BDMI;
			productReference = 4DFEE17F1CFAAC4B0032D90F /* BDMI.app */;
			productType = "com.apple.product-type.application";
		};
/* End PBXNativeTarget section */

/* Begin PBXProject section */
		4DFEE1771CFAAC4B0032D90F /* Project object */ = {
			isa = PBXProject;
			attributes = {
				LastSwiftUpdateCheck = 0730;
				LastUpgradeCheck = 0730;
				ORGANIZATIONNAME = "Yu Qi Hao";
				TargetAttributes = {
					4DFEE17E1CFAAC4B0032D90F = {
						CreatedOnToolsVersion = 7.3;
					};
				};
			};
			buildConfigurationList = 4DFEE17A1CFAAC4B0032D90F /* Build configuration list for PBXProject "BDMI" */;
			compatibilityVersion = "Xcode 3.2";
			developmentRegion = English;
			hasScannedForEncodings = 0;
			knownRegions = (
				en,
				Base,
			);
			mainGroup = 4DFEE1761CFAAC4B0032D90F;
			productRefGroup = 4DFEE1801CFAAC4B0032D90F /* Products */;
			projectDirPath = "";
			projectRoot = "";
			targets = (
				4DFEE17E1CFAAC4B0032D90F /* BDMI */,
			);
		};
/* End PBXProject section */

/* Begin PBXResourcesBuildPhase section */
		4DFEE17D1CFAAC4B0032D90F /* Resources */ = {
			isa = PBXResourcesBuildPhase;
			buildActionMask = 2147483647;
			files = (
				4DFEE18D1CFAAC4B0032D90F /* LaunchScreen.storyboard in Resources */,
				4DFEE18A1CFAAC4B0032D90F /* Assets.xcassets in Resources */,
				4DFEE1881CFAAC4B0032D90F /* Main.storyboard in Resources */,
			);
			runOnlyForDeploymentPostprocessing = 0;
		};
/* End PBXResourcesBuildPhase section */

/* Begin PBXShellScriptBuildPhase section */
		416A6E3495C33822804AAD4D /* Embed Pods Frameworks */ = {
			isa = PBXShellScriptBuildPhase;
			buildActionMask = 2147483647;
			files = (
			);
			inputPaths = (
			);
			name = "Embed Pods Frameworks";
			outputPaths = (
			);
			runOnlyForDeploymentPostprocessing = 0;
			shellPath = /bin/sh;
			shellScript = "\"${SRCROOT}/Pods/Target Support Files/Pods-BDMI/Pods-BDMI-frameworks.sh\"\n";
			showEnvVarsInLog = 0;
		};
		DF87932584CD11DEC56B6748 /* Copy Pods Resources */ = {
			isa = PBXShellScriptBuildPhase;
			buildActionMask = 2147483647;
			files = (
			);
			inputPaths = (
			);
			name = "Copy Pods Resources";
			outputPaths = (
			);
			runOnlyForDeploymentPostprocessing = 0;
			shellPath = /bin/sh;
			shellScript = "\"${SRCROOT}/Pods/Target Support Files/Pods-BDMI/Pods-BDMI-resources.sh\"\n";
			showEnvVarsInLog = 0;
		};
		ED0847B454A2498D592AA1DD /* Check Pods Manifest.lock */ = {
			isa = PBXShellScriptBuildPhase;
			buildActionMask = 2147483647;
			files = (
			);
			inputPaths = (
			);
			name = "Check Pods Manifest.lock";
			outputPaths = (
			);
			runOnlyForDeploymentPostprocessing = 0;
			shellPath = /bin/sh;
			shellScript = "diff \"${PODS_ROOT}/../Podfile.lock\" \"${PODS_ROOT}/Manifest.lock\" > /dev/null\nif [[ $? != 0 ]] ; then\n    cat << EOM\nerror: The sandbox is not in sync with the Podfile.lock. Run 'pod install' or update your CocoaPods installation.\nEOM\n    exit 1\nfi\n";
			showEnvVarsInLog = 0;
		};
/* End PBXShellScriptBuildPhase section */

/* Begin PBXSourcesBuildPhase section */
		4DFEE17B1CFAAC4B0032D90F /* Sources */ = {
			isa = PBXSourcesBuildPhase;
			buildActionMask = 2147483647;
			files = (
				4D6C51EF1CFC01BF005101C6 /* TMDBCollection.swift in Sources */,
				4D6C51ED1CFBFB46005101C6 /* BDMIMovieCollectionsTableViewCell.swift in Sources */,
				4D6C51DF1CFB6BAB005101C6 /* BorderedButton.swift in Sources */,
				4D6C52061CFC1C19005101C6 /* Collection+CoreDataProperties.swift in Sources */,
				4D6C52021CFC1C19005101C6 /* Movie+CoreDataProperties.swift in Sources */,
				4D6C51E51CFB9E92005101C6 /* MovieCollectionViewCell.swift in Sources */,
				4D6C51D51CFB67A1005101C6 /* TMDBConstants.swift in Sources */,
				4D6C51F21CFC1498005101C6 /* Model.xcdatamodeld in Sources */,
				4D6C52131CFCF37C005101C6 /* MovieDetailCellForHeaderSection.swift in Sources */,
				4D6C51E31CFB8E6F005101C6 /* MovieTableViewCell.swift in Sources */,
				4D6C51E71CFBBA23005101C6 /* MovieDetailViewController.swift in Sources */,
				4D6C51F51CFC14E6005101C6 /* CoreDataTableViewController.swift in Sources */,
				4D6C51D91CFB69C5005101C6 /* TMDBMovie.swift in Sources */,
				4D6C51E91CFBFA4C005101C6 /* BDMIMovieCollectionsViewController.swift in Sources */,
				4D6C51D31CFB6754005101C6 /* TMDBClient.swift in Sources */,
				4D6C51CD1CFB66B3005101C6 /* Utilities.swift in Sources */,
				4D6C52031CFC1C19005101C6 /* Movie.swift in Sources */,
				4D6C51DB1CFB6A38005101C6 /* TMDBConvenience.swift in Sources */,
				4D6C52051CFC1C19005101C6 /* FavoriteMovie.swift in Sources */,
				4D6C51D71CFB6918005101C6 /* TMDBConfig.swift in Sources */,
				4D6C52091CFC1E8A005101C6 /* CoreDataConstants.swift in Sources */,
				4D6C52071CFC1C19005101C6 /* Collection.swift in Sources */,
				4D6C51F71CFC1515005101C6 /* CoreDataStack.swift in Sources */,
				4DFEE1851CFAAC4B0032D90F /* LoginViewController.swift in Sources */,
				4D6C52001CFC1C19005101C6 /* WatchedMovie+CoreDataProperties.swift in Sources */,
				4D6C51E11CFB77C4005101C6 /* BDMIMovieViewController.swift in Sources */,
				4D6C52011CFC1C19005101C6 /* WatchedMovie.swift in Sources */,
				4DFEE1831CFAAC4B0032D90F /* AppDelegate.swift in Sources */,
				4D6C52041CFC1C19005101C6 /* FavoriteMovie+CoreDataProperties.swift in Sources */,
				4D6C51D11CFB671C005101C6 /* TMDBAuthViewController.swift in Sources */,
			);
			runOnlyForDeploymentPostprocessing = 0;
		};
/* End PBXSourcesBuildPhase section */

/* Begin PBXVariantGroup section */
		4DFEE1861CFAAC4B0032D90F /* Main.storyboard */ = {
			isa = PBXVariantGroup;
			children = (
				4DFEE1871CFAAC4B0032D90F /* Base */,
			);
			name = Main.storyboard;
			sourceTree = "<group>";
		};
		4DFEE18B1CFAAC4B0032D90F /* LaunchScreen.storyboard */ = {
			isa = PBXVariantGroup;
			children = (
				4DFEE18C1CFAAC4B0032D90F /* Base */,
			);
			name = LaunchScreen.storyboard;
			sourceTree = "<group>";
		};
/* End PBXVariantGroup section */

/* Begin XCBuildConfiguration section */
		4DFEE18F1CFAAC4B0032D90F /* Debug */ = {
			isa = XCBuildConfiguration;
			buildSettings = {
				ALWAYS_SEARCH_USER_PATHS = NO;
				CLANG_ANALYZER_NONNULL = YES;
				CLANG_CXX_LANGUAGE_STANDARD = "gnu++0x";
				CLANG_CXX_LIBRARY = "libc++";
				CLANG_ENABLE_MODULES = YES;
				CLANG_ENABLE_OBJC_ARC = YES;
				CLANG_WARN_BOOL_CONVERSION = YES;
				CLANG_WARN_CONSTANT_CONVERSION = YES;
				CLANG_WARN_DIRECT_OBJC_ISA_USAGE = YES_ERROR;
				CLANG_WARN_EMPTY_BODY = YES;
				CLANG_WARN_ENUM_CONVERSION = YES;
				CLANG_WARN_INT_CONVERSION = YES;
				CLANG_WARN_OBJC_ROOT_CLASS = YES_ERROR;
				CLANG_WARN_UNREACHABLE_CODE = YES;
				CLANG_WARN__DUPLICATE_METHOD_MATCH = YES;
				"CODE_SIGN_IDENTITY[sdk=iphoneos*]" = "iPhone Developer";
				COPY_PHASE_STRIP = NO;
				DEBUG_INFORMATION_FORMAT = dwarf;
				ENABLE_STRICT_OBJC_MSGSEND = YES;
				ENABLE_TESTABILITY = YES;
				GCC_C_LANGUAGE_STANDARD = gnu99;
				GCC_DYNAMIC_NO_PIC = NO;
				GCC_NO_COMMON_BLOCKS = YES;
				GCC_OPTIMIZATION_LEVEL = 0;
				GCC_PREPROCESSOR_DEFINITIONS = (
					"DEBUG=1",
					"$(inherited)",
				);
				GCC_WARN_64_TO_32_BIT_CONVERSION = YES;
				GCC_WARN_ABOUT_RETURN_TYPE = YES_ERROR;
				GCC_WARN_UNDECLARED_SELECTOR = YES;
				GCC_WARN_UNINITIALIZED_AUTOS = YES_AGGRESSIVE;
				GCC_WARN_UNUSED_FUNCTION = YES;
				GCC_WARN_UNUSED_VARIABLE = YES;
				IPHONEOS_DEPLOYMENT_TARGET = 9.3;
				MTL_ENABLE_DEBUG_INFO = YES;
				ONLY_ACTIVE_ARCH = YES;
				SDKROOT = iphoneos;
				SWIFT_OPTIMIZATION_LEVEL = "-Onone";
			};
			name = Debug;
		};
		4DFEE1901CFAAC4B0032D90F /* Release */ = {
			isa = XCBuildConfiguration;
			buildSettings = {
				ALWAYS_SEARCH_USER_PATHS = NO;
				CLANG_ANALYZER_NONNULL = YES;
				CLANG_CXX_LANGUAGE_STANDARD = "gnu++0x";
				CLANG_CXX_LIBRARY = "libc++";
				CLANG_ENABLE_MODULES = YES;
				CLANG_ENABLE_OBJC_ARC = YES;
				CLANG_WARN_BOOL_CONVERSION = YES;
				CLANG_WARN_CONSTANT_CONVERSION = YES;
				CLANG_WARN_DIRECT_OBJC_ISA_USAGE = YES_ERROR;
				CLANG_WARN_EMPTY_BODY = YES;
				CLANG_WARN_ENUM_CONVERSION = YES;
				CLANG_WARN_INT_CONVERSION = YES;
				CLANG_WARN_OBJC_ROOT_CLASS = YES_ERROR;
				CLANG_WARN_UNREACHABLE_CODE = YES;
				CLANG_WARN__DUPLICATE_METHOD_MATCH = YES;
				"CODE_SIGN_IDENTITY[sdk=iphoneos*]" = "iPhone Developer";
				COPY_PHASE_STRIP = NO;
				DEBUG_INFORMATION_FORMAT = "dwarf-with-dsym";
				ENABLE_NS_ASSERTIONS = NO;
				ENABLE_STRICT_OBJC_MSGSEND = YES;
				GCC_C_LANGUAGE_STANDARD = gnu99;
				GCC_NO_COMMON_BLOCKS = YES;
				GCC_WARN_64_TO_32_BIT_CONVERSION = YES;
				GCC_WARN_ABOUT_RETURN_TYPE = YES_ERROR;
				GCC_WARN_UNDECLARED_SELECTOR = YES;
				GCC_WARN_UNINITIALIZED_AUTOS = YES_AGGRESSIVE;
				GCC_WARN_UNUSED_FUNCTION = YES;
				GCC_WARN_UNUSED_VARIABLE = YES;
				IPHONEOS_DEPLOYMENT_TARGET = 9.3;
				MTL_ENABLE_DEBUG_INFO = NO;
				SDKROOT = iphoneos;
				VALIDATE_PRODUCT = YES;
			};
			name = Release;
		};
		4DFEE1921CFAAC4B0032D90F /* Debug */ = {
			isa = XCBuildConfiguration;
			baseConfigurationReference = 025661DDF217F77A691F777F /* Pods-BDMI.debug.xcconfig */;
			buildSettings = {
				ASSETCATALOG_COMPILER_APPICON_NAME = AppIcon;
				CLANG_ENABLE_MODULES = YES;
				INFOPLIST_FILE = BDMI/Info.plist;
				LD_RUNPATH_SEARCH_PATHS = "$(inherited) @executable_path/Frameworks";
				PRODUCT_BUNDLE_IDENTIFIER = com.markqhao.BDMI;
				PRODUCT_NAME = "$(TARGET_NAME)";
				SWIFT_OBJC_BRIDGING_HEADER = "BDMI/BDMI-Bridging-Header.h";
				SWIFT_OPTIMIZATION_LEVEL = "-Onone";
			};
			name = Debug;
		};
		4DFEE1931CFAAC4B0032D90F /* Release */ = {
			isa = XCBuildConfiguration;
			baseConfigurationReference = 9451C2D2C9B47F3D9EE642E7 /* Pods-BDMI.release.xcconfig */;
			buildSettings = {
				ASSETCATALOG_COMPILER_APPICON_NAME = AppIcon;
				CLANG_ENABLE_MODULES = YES;
				INFOPLIST_FILE = BDMI/Info.plist;
				LD_RUNPATH_SEARCH_PATHS = "$(inherited) @executable_path/Frameworks";
				PRODUCT_BUNDLE_IDENTIFIER = com.markqhao.BDMI;
				PRODUCT_NAME = "$(TARGET_NAME)";
				SWIFT_OBJC_BRIDGING_HEADER = "BDMI/BDMI-Bridging-Header.h";
			};
			name = Release;
		};
/* End XCBuildConfiguration section */

/* Begin XCConfigurationList section */
		4DFEE17A1CFAAC4B0032D90F /* Build configuration list for PBXProject "BDMI" */ = {
			isa = XCConfigurationList;
			buildConfigurations = (
				4DFEE18F1CFAAC4B0032D90F /* Debug */,
				4DFEE1901CFAAC4B0032D90F /* Release */,
			);
			defaultConfigurationIsVisible = 0;
			defaultConfigurationName = Release;
		};
		4DFEE1911CFAAC4B0032D90F /* Build configuration list for PBXNativeTarget "BDMI" */ = {
			isa = XCConfigurationList;
			buildConfigurations = (
				4DFEE1921CFAAC4B0032D90F /* Debug */,
				4DFEE1931CFAAC4B0032D90F /* Release */,
			);
			defaultConfigurationIsVisible = 0;
			defaultConfigurationName = Release;
		};
/* End XCConfigurationList section */

/* Begin XCVersionGroup section */
		4D6C51F01CFC1498005101C6 /* Model.xcdatamodeld */ = {
			isa = XCVersionGroup;
			children = (
				4D6C51F11CFC1498005101C6 /* Model.xcdatamodel */,
			);
			currentVersion = 4D6C51F11CFC1498005101C6 /* Model.xcdatamodel */;
			name = Model.xcdatamodeld;
			path = ../Model.xcdatamodeld;
			sourceTree = "<group>";
			versionGroupType = wrapper.xcdatamodel;
		};
/* End XCVersionGroup section */
	};
	rootObject = 4DFEE1771CFAAC4B0032D90F /* Project object */;
}
